Microsoft Visual Studio Solution File, Format Version 12.00
# Visual Studio Version 17
VisualStudioVersion = 17.5.2.0
MinimumVisualStudioVersion = 10.0.40219.1
Project("{FAE04EC0-301F-11D3-BF4B-00C04F79EFBC}") = "Tarea_3", "Tarea_3.csproj", "{201C1D14-EAEF-D97A-D0C3-490524C4E90C}"
EndProject
Global
	GlobalSection(SolutionConfigurationPlatforms) = preSolution
		Debug|Any CPU = Debug|Any CPU
		Release|Any CPU = Release|Any CPU
	EndGlobalSection
	GlobalSection(ProjectConfigurationPlatforms) = postSolution
		{201C1D14-EAEF-D97A-D0C3-490524C4E90C}.Debug|Any CPU.ActiveCfg = Debug|Any CPU
		{201C1D14-EAEF-D97A-D0C3-490524C4E90C}.Debug|Any CPU.Build.0 = Debug|Any CPU
		{201C1D14-EAEF-D97A-D0C3-490524C4E90C}.Release|Any CPU.ActiveCfg = Release|Any CPU
		{201C1D14-EAEF-D97A-D0C3-490524C4E90C}.Release|Any CPU.Build.0 = Release|Any CPU
	EndGlobalSection
	GlobalSection(SolutionProperties) = preSolution
		HideSolutionNode = FALSE
	EndGlobalSection
	GlobalSection(ExtensibilityGlobals) = postSolution
		SolutionGuid = {B3298C33-505B-4835-B5E3-5FDFC2DDD0CD}
	EndGlobalSection
EndGlobal
